
Microsoft Visual Studio Solution File, Format Version 12.00
# Visual Studio 15
VisualStudioVersion = 15.0.27004.2002
MinimumVisualStudioVersion = 10.0.40219.1
Project("{888888A0-9F3D-457C-B088-3A5042F75D52}") = "aws_temp_project", "aws_temp_project\aws_temp_project.pyproj", "{356F60FC-688E-4E68-8CDD-D48C8B2D8A14}"
EndProject
Global
	GlobalSection(SolutionConfigurationPlatforms) = preSolution
		Debug|Any CPU = Debug|Any CPU
		Release|Any CPU = Release|Any CPU
	EndGlobalSection
	GlobalSection(ProjectConfigurationPlatforms) = postSolution
		{356F60FC-688E-4E68-8CDD-D48C8B2D8A14}.Debug|Any CPU.ActiveCfg = Debug|Any CPU
		{356F60FC-688E-4E68-8CDD-D48C8B2D8A14}.Debug|Any CPU.Build.0 = Debug|Any CPU
		{356F60FC-688E-4E68-8CDD-D48C8B2D8A14}.Release|Any CPU.ActiveCfg = Release|Any CPU
		{356F60FC-688E-4E68-8CDD-D48C8B2D8A14}.Release|Any CPU.Build.0 = Release|Any CPU
	EndGlobalSection
	GlobalSection(SolutionProperties) = preSolution
		HideSolutionNode = FALSE
	EndGlobalSection
	GlobalSection(ExtensibilityGlobals) = postSolution
		SolutionGuid = {D1C5CDF2-0E93-4135-8324-F034E35C79C2}
	EndGlobalSection
EndGlobal
